// !$*UTF8*$!
{
	archiveVersion = 1;
	classes = {
	};
	objectVersion = 51;
	objects = {

/* Begin PBXBuildFile section */
		120A0A0126CD65A7008F699E /* WineTastingNotes.swift in Sources */ = {isa = PBXBuildFile; fileRef = 120A0A0026CD65A7008F699E /* WineTastingNotes.swift */; };
		122BD5FE26CAA9DE00BB0FB1 /* AppDelegate.swift in Sources */ = {isa = PBXBuildFile; fileRef = 122BD5FD26CAA9DE00BB0FB1 /* AppDelegate.swift */; };
		122BD60026CAA9DE00BB0FB1 /* SceneDelegate.swift in Sources */ = {isa = PBXBuildFile; fileRef = 122BD5FF26CAA9DE00BB0FB1 /* SceneDelegate.swift */; };
		122BD60226CAA9DE00BB0FB1 /* ViewController.swift in Sources */ = {isa = PBXBuildFile; fileRef = 122BD60126CAA9DE00BB0FB1 /* ViewController.swift */; };
		122BD60526CAA9DE00BB0FB1 /* Main.storyboard in Resources */ = {isa = PBXBuildFile; fileRef = 122BD60326CAA9DE00BB0FB1 /* Main.storyboard */; };
		122BD60826CAA9DE00BB0FB1 /* SavingArrayInCoreData.xcdatamodeld in Sources */ = {isa = PBXBuildFile; fileRef = 122BD60626CAA9DE00BB0FB1 /* SavingArrayInCoreData.xcdatamodeld */; };
		122BD60A26CAA9DF00BB0FB1 /* Assets.xcassets in Resources */ = {isa = PBXBuildFile; fileRef = 122BD60926CAA9DF00BB0FB1 /* Assets.xcassets */; };
		122BD60D26CAA9DF00BB0FB1 /* LaunchScreen.storyboard in Resources */ = {isa = PBXBuildFile; fileRef = 122BD60B26CAA9DF00BB0FB1 /* LaunchScreen.storyboard */; };
		122BD61526CAAD1700BB0FB1 /* DataManager.swift in Sources */ = {isa = PBXBuildFile; fileRef = 122BD61426CAAD1700BB0FB1 /* DataManager.swift */; };
		12D198EA26CC3D39000C7D8B /* Post+CoreDataClass.swift in Sources */ = {isa = PBXBuildFile; fileRef = 12D198E826CC3D39000C7D8B /* Post+CoreDataClass.swift */; };
		12D198EB26CC3D39000C7D8B /* Post+CoreDataProperties.swift in Sources */ = {isa = PBXBuildFile; fileRef = 12D198E926CC3D39000C7D8B /* Post+CoreDataProperties.swift */; };
		12E188B426CB87240035964F /* ImagesViewController.swift in Sources */ = {isa = PBXBuildFile; fileRef = 12E188B326CB87240035964F /* ImagesViewController.swift */; };
		12E188B626CB88240035964F /* AddImages2ViewController.swift in Sources */ = {isa = PBXBuildFile; fileRef = 12E188B526CB88240035964F /* AddImages2ViewController.swift */; };
		12E188B826CB9A740035964F /* Images2ViewController.swift in Sources */ = {isa = PBXBuildFile; fileRef = 12E188B726CB9A740035964F /* Images2ViewController.swift */; };
		654D3C6751D9BFD0B4291415 /* Pods_SavingArrayInCoreData.framework in Frameworks */ = {isa = PBXBuildFile; fileRef = 2C8E08935975813BCDA14533 /* Pods_SavingArrayInCoreData.framework */; };
/* End PBXBuildFile section */

/* Begin PBXFileReference section */
		120A0A0026CD65A7008F699E /* WineTastingNotes.swift */ = {isa = PBXFileReference; lastKnownFileType = sourcecode.swift; path = WineTastingNotes.swift; sourceTree = "<group>"; };
		122BD5FA26CAA9DD00BB0FB1 /* SavingArrayInCoreData.app */ = {isa = PBXFileReference; explicitFileType = wrapper.application; includeInIndex = 0; path = SavingArrayInCoreData.app; sourceTree = BUILT_PRODUCTS_DIR; };
		122BD5FD26CAA9DE00BB0FB1 /* AppDelegate.swift */ = {isa = PBXFileReference; lastKnownFileType = sourcecode.swift; path = AppDelegate.swift; sourceTree = "<group>"; };
		122BD5FF26CAA9DE00BB0FB1 /* SceneDelegate.swift */ = {isa = PBXFileReference; lastKnownFileType = sourcecode.swift; path = SceneDelegate.swift; sourceTree = "<group>"; };
		122BD60126CAA9DE00BB0FB1 /* ViewController.swift */ = {isa = PBXFileReference; lastKnownFileType = sourcecode.swift; path = ViewController.swift; sourceTree = "<group>"; };
		122BD60426CAA9DE00BB0FB1 /* Base */ = {isa = PBXFileReference; lastKnownFileType = file.storyboard; name = Base; path = Base.lproj/Main.storyboard; sourceTree = "<group>"; };
		122BD60726CAA9DE00BB0FB1 /* SavingArrayInCoreData.xcdatamodel */ = {isa = PBXFileReference; lastKnownFileType = wrapper.xcdatamodel; path = SavingArrayInCoreData.xcdatamodel; sourceTree = "<group>"; };
		122BD60926CAA9DF00BB0FB1 /* Assets.xcassets */ = {isa = PBXFileReference; lastKnownFileType = folder.assetcatalog; path = Assets.xcassets; sourceTree = "<group>"; };
		122BD60C26CAA9DF00BB0FB1 /* Base */ = {isa = PBXFileReference; lastKnownFileType = file.storyboard; name = Base; path = Base.lproj/LaunchScreen.storyboard; sourceTree = "<group>"; };
		122BD60E26CAA9DF00BB0FB1 /* Info.plist */ = {isa = PBXFileReference; lastKnownFileType = text.plist.xml; path = Info.plist; sourceTree = "<group>"; };
		122BD61426CAAD1700BB0FB1 /* DataManager.swift */ = {isa = PBXFileReference; lastKnownFileType = sourcecode.swift; path = DataManager.swift; sourceTree = "<group>"; };
		12D198E826CC3D39000C7D8B /* Post+CoreDataClass.swift */ = {isa = PBXFileReference; lastKnownFileType = sourcecode.swift; path = "Post+CoreDataClass.swift"; sourceTree = SOURCE_ROOT; };
		12D198E926CC3D39000C7D8B /* Post+CoreDataProperties.swift */ = {isa = PBXFileReference; lastKnownFileType = sourcecode.swift; path = "Post+CoreDataProperties.swift"; sourceTree = SOURCE_ROOT; };
		12E188B326CB87240035964F /* ImagesViewController.swift */ = {isa = PBXFileReference; lastKnownFileType = sourcecode.swift; path = ImagesViewController.swift; sourceTree = "<group>"; };
		12E188B526CB88240035964F /* AddImages2ViewController.swift */ = {isa = PBXFileReference; lastKnownFileType = sourcecode.swift; path = AddImages2ViewController.swift; sourceTree = "<group>"; };
		12E188B726CB9A740035964F /* Images2ViewController.swift */ = {isa = PBXFileReference; lastKnownFileType = sourcecode.swift; path = Images2ViewController.swift; sourceTree = "<group>"; };
		2C8E08935975813BCDA14533 /* Pods_SavingArrayInCoreData.framework */ = {isa = PBXFileReference; explicitFileType = wrapper.framework; includeInIndex = 0; path = Pods_SavingArrayInCoreData.framework; sourceTree = BUILT_PRODUCTS_DIR; };
		679CA7EE6124D95D9CE0E1BB /* Pods-SavingArrayInCoreData.debug.xcconfig */ = {isa = PBXFileReference; includeInIndex = 1; lastKnownFileType = text.xcconfig; name = "Pods-SavingArrayInCoreData.debug.xcconfig"; path = "Target Support Files/Pods-SavingArrayInCoreData/Pods-SavingArrayInCoreData.debug.xcconfig"; sourceTree = "<group>"; };
		A07272968D92D003BFA80C2D /* Pods-SavingArrayInCoreData.release.xcconfig */ = {isa = PBXFileReference; includeInIndex = 1; lastKnownFileType = text.xcconfig; name = "Pods-SavingArrayInCoreData.release.xcconfig"; path = "Target Support Files/Pods-SavingArrayInCoreData/Pods-SavingArrayInCoreData.release.xcconfig"; sourceTree = "<group>"; };
/* End PBXFileReference section */

/* Begin PBXFrameworksBuildPhase section */
		122BD5F726CAA9DD00BB0FB1 /* Frameworks */ = {
			isa = PBXFrameworksBuildPhase;
			buildActionMask = 2147483647;
			files = (
				654D3C6751D9BFD0B4291415 /* Pods_SavingArrayInCoreData.framework in Frameworks */,
			);
			runOnlyForDeploymentPostprocessing = 0;
		};
/* End PBXFrameworksBuildPhase section */

/* Begin PBXGroup section */
		122BD5F126CAA9DD00BB0FB1 = {
			isa = PBXGroup;
			children = (
				122BD5FC26CAA9DD00BB0FB1 /* SavingArrayInCoreData */,
				122BD5FB26CAA9DD00BB0FB1 /* Products */,
				76F841047D4918E17A81E14C /* Pods */,
				60F66E37F46969E7235311DD /* Frameworks */,
			);
			sourceTree = "<group>";
		};
		122BD5FB26CAA9DD00BB0FB1 /* Products */ = {
			isa = PBXGroup;
			children = (
				122BD5FA26CAA9DD00BB0FB1 /* SavingArrayInCoreData.app */,
			);
			name = Products;
			sourceTree = "<group>";
		};
		122BD5FC26CAA9DD00BB0FB1 /* SavingArrayInCoreData */ = {
			isa = PBXGroup;
			children = (
				12D198E826CC3D39000C7D8B /* Post+CoreDataClass.swift */,
				12D198E926CC3D39000C7D8B /* Post+CoreDataProperties.swift */,
				122BD61426CAAD1700BB0FB1 /* DataManager.swift */,
				120A0A0026CD65A7008F699E /* WineTastingNotes.swift */,
				122BD5FD26CAA9DE00BB0FB1 /* AppDelegate.swift */,
				122BD5FF26CAA9DE00BB0FB1 /* SceneDelegate.swift */,
				122BD60126CAA9DE00BB0FB1 /* ViewController.swift */,
				12E188B326CB87240035964F /* ImagesViewController.swift */,
				12E188B726CB9A740035964F /* Images2ViewController.swift */,
				12E188B526CB88240035964F /* AddImages2ViewController.swift */,
				122BD60326CAA9DE00BB0FB1 /* Main.storyboard */,
				122BD60926CAA9DF00BB0FB1 /* Assets.xcassets */,
				122BD60B26CAA9DF00BB0FB1 /* LaunchScreen.storyboard */,
				122BD60E26CAA9DF00BB0FB1 /* Info.plist */,
				122BD60626CAA9DE00BB0FB1 /* SavingArrayInCoreData.xcdatamodeld */,
			);
			path = SavingArrayInCoreData;
			sourceTree = "<group>";
		};
		60F66E37F46969E7235311DD /* Frameworks */ = {
			isa = PBXGroup;
			children = (
				2C8E08935975813BCDA14533 /* Pods_SavingArrayInCoreData.framework */,
			);
			name = Frameworks;
			sourceTree = "<group>";
		};
		76F841047D4918E17A81E14C /* Pods */ = {
			isa = PBXGroup;
			children = (
				679CA7EE6124D95D9CE0E1BB /* Pods-SavingArrayInCoreData.debug.xcconfig */,
				A07272968D92D003BFA80C2D /* Pods-SavingArrayInCoreData.release.xcconfig */,
			);
			path = Pods;
			sourceTree = "<group>";
		};
/* End PBXGroup section */

/* Begin PBXNativeTarget section */
		122BD5F926CAA9DD00BB0FB1 /* SavingArrayInCoreData */ = {
			isa = PBXNativeTarget;
			buildConfigurationList = 122BD61126CAA9DF00BB0FB1 /* Build configuration list for PBXNativeTarget "SavingArrayInCoreData" */;
			buildPhases = (
				EFE0B8C19AB4463690085B9C /* [CP] Check Pods Manifest.lock */,
				122BD5F626CAA9DD00BB0FB1 /* Sources */,
				122BD5F726CAA9DD00BB0FB1 /* Frameworks */,
				122BD5F826CAA9DD00BB0FB1 /* Resources */,
				49211BC755FF23D718639065 /* [CP] Embed Pods Frameworks */,
			);
			buildRules = (
			);
			dependencies = (
			);
			name = SavingArrayInCoreData;
			productName = SavingArrayInCoreData;
			productReference = 122BD5FA26CAA9DD00BB0FB1 /* SavingArrayInCoreData.app */;
			productType = "com.apple.product-type.application";
		};
/* End PBXNativeTarget section */

/* Begin PBXProject section */
		122BD5F226CAA9DD00BB0FB1 /* Project object */ = {
			isa = PBXProject;
			attributes = {
				LastSwiftUpdateCheck = 1250;
				LastUpgradeCheck = 1250;
				TargetAttributes = {
					122BD5F926CAA9DD00BB0FB1 = {
						CreatedOnToolsVersion = 12.5;
					};
				};
			};
			buildConfigurationList = 122BD5F526CAA9DD00BB0FB1 /* Build configuration list for PBXProject "SavingArrayInCoreData" */;
			compatibilityVersion = "Xcode 9.3";
			developmentRegion = en;
			hasScannedForEncodings = 0;
			knownRegions = (
				en,
				Base,
			);
			mainGroup = 122BD5F126CAA9DD00BB0FB1;
			productRefGroup = 122BD5FB26CAA9DD00BB0FB1 /* Products */;
			projectDirPath = "";
			projectRoot = "";
			targets = (
				122BD5F926CAA9DD00BB0FB1 /* SavingArrayInCoreData */,
			);
		};
/* End PBXProject section */

/* Begin PBXResourcesBuildPhase section */
		122BD5F826CAA9DD00BB0FB1 /* Resources */ = {
			isa = PBXResourcesBuildPhase;
			buildActionMask = 2147483647;
			files = (
				122BD60D26CAA9DF00BB0FB1 /* LaunchScreen.storyboard in Resources */,
				122BD60A26CAA9DF00BB0FB1 /* Assets.xcassets in Resources */,
				122BD60526CAA9DE00BB0FB1 /* Main.storyboard in Resources */,
			);
			runOnlyForDeploymentPostprocessing = 0;
		};
/* End PBXResourcesBuildPhase section */

/* Begin PBXShellScriptBuildPhase section */
		49211BC755FF23D718639065 /* [CP] Embed Pods Frameworks */ = {
			isa = PBXShellScriptBuildPhase;
			buildActionMask = 2147483647;
			files = (
			);
			inputFileListPaths = (
				"${PODS_ROOT}/Target Support Files/Pods-SavingArrayInCoreData/Pods-SavingArrayInCoreData-frameworks-${CONFIGURATION}-input-files.xcfilelist",
			);
			name = "[CP] Embed Pods Frameworks";
			outputFileListPaths = (
				"${PODS_ROOT}/Target Support Files/Pods-SavingArrayInCoreData/Pods-SavingArrayInCoreData-frameworks-${CONFIGURATION}-output-files.xcfilelist",
			);
			runOnlyForDeploymentPostprocessing = 0;
			shellPath = /bin/sh;
			shellScript = "\"${PODS_ROOT}/Target Support Files/Pods-SavingArrayInCoreData/Pods-SavingArrayInCoreData-frameworks.sh\"\n";
			showEnvVarsInLog = 0;
		};
		EFE0B8C19AB4463690085B9C /* [CP] Check Pods Manifest.lock */ = {
			isa = PBXShellScriptBuildPhase;
			buildActionMask = 2147483647;
			files = (
			);
			inputFileListPaths = (
			);
			inputPaths = (
				"${PODS_PODFILE_DIR_PATH}/Podfile.lock",
				"${PODS_ROOT}/Manifest.lock",
			);
			name = "[CP] Check Pods Manifest.lock";
			outputFileListPaths = (
			);
			outputPaths = (
				"$(DERIVED_FILE_DIR)/Pods-SavingArrayInCoreData-checkManifestLockResult.txt",
			);
			runOnlyForDeploymentPostprocessing = 0;
			shellPath = /bin/sh;
			shellScript = "diff \"${PODS_PODFILE_DIR_PATH}/Podfile.lock\" \"${PODS_ROOT}/Manifest.lock\" > /dev/null\nif [ $? != 0 ] ; then\n    # print error to STDERR\n    echo \"error: The sandbox is not in sync with the Podfile.lock. Run 'pod install' or update your CocoaPods installation.\" >&2\n    exit 1\nfi\n# This output is used by Xcode 'outputs' to avoid re-running this script phase.\necho \"SUCCESS\" > \"${SCRIPT_OUTPUT_FILE_0}\"\n";
			showEnvVarsInLog = 0;
		};
/* End PBXShellScriptBuildPhase section */

/* Begin PBXSourcesBuildPhase section */
		122BD5F626CAA9DD00BB0FB1 /* Sources */ = {
			isa = PBXSourcesBuildPhase;
			buildActionMask = 2147483647;
			files = (
				122BD60226CAA9DE00BB0FB1 /* ViewController.swift in Sources */,
				12E188B826CB9A740035964F /* Images2ViewController.swift in Sources */,
				12E188B426CB87240035964F /* ImagesViewController.swift in Sources */,
				12D198EB26CC3D39000C7D8B /* Post+CoreDataProperties.swift in Sources */,
				122BD61526CAAD1700BB0FB1 /* DataManager.swift in Sources */,
				12D198EA26CC3D39000C7D8B /* Post+CoreDataClass.swift in Sources */,
				12E188B626CB88240035964F /* AddImages2ViewController.swift in Sources */,
				122BD5FE26CAA9DE00BB0FB1 /* AppDelegate.swift in Sources */,
				122BD60026CAA9DE00BB0FB1 /* SceneDelegate.swift in Sources */,
				120A0A0126CD65A7008F699E /* WineTastingNotes.swift in Sources */,
				122BD60826CAA9DE00BB0FB1 /* SavingArrayInCoreData.xcdatamodeld in Sources */,
			);
			runOnlyForDeploymentPostprocessing = 0;
		};
/* End PBXSourcesBuildPhase section */

/* Begin PBXVariantGroup section */
		122BD60326CAA9DE00BB0FB1 /* Main.storyboard */ = {
			isa = PBXVariantGroup;
			children = (
				122BD60426CAA9DE00BB0FB1 /* Base */,
			);
			name = Main.storyboard;
			sourceTree = "<group>";
		};
		122BD60B26CAA9DF00BB0FB1 /* LaunchScreen.storyboard */ = {
			isa = PBXVariantGroup;
			children = (
				122BD60C26CAA9DF00BB0FB1 /* Base */,
			);
			name = LaunchScreen.storyboard;
			sourceTree = "<group>";
		};
/* End PBXVariantGroup section */

/* Begin XCBuildConfiguration section */
		122BD60F26CAA9DF00BB0FB1 /* Debug */ = {
			isa = XCBuildConfiguration;
			buildSettings = {
				ALWAYS_SEARCH_USER_PATHS = NO;
				CLANG_ANALYZER_NONNULL = YES;
				CLANG_ANALYZER_NUMBER_OBJECT_CONVERSION = YES_AGGRESSIVE;
				CLANG_CXX_LANGUAGE_STANDARD = "gnu++14";
				CLANG_CXX_LIBRARY = "libc++";
				CLANG_ENABLE_MODULES = YES;
				CLANG_ENABLE_OBJC_ARC = YES;
				CLANG_ENABLE_OBJC_WEAK = YES;
				CLANG_WARN_BLOCK_CAPTURE_AUTORELEASING = YES;
				CLANG_WARN_BOOL_CONVERSION = YES;
				CLANG_WARN_COMMA = YES;
				CLANG_WARN_CONSTANT_CONVERSION = YES;
				CLANG_WARN_DEPRECATED_OBJC_IMPLEMENTATIONS = YES;
				CLANG_WARN_DIRECT_OBJC_ISA_USAGE = YES_ERROR;
				CLANG_WARN_DOCUMENTATION_COMMENTS = YES;
				CLANG_WARN_EMPTY_BODY = YES;
				CLANG_WARN_ENUM_CONVERSION = YES;
				CLANG_WARN_INFINITE_RECURSION = YES;
				CLANG_WARN_INT_CONVERSION = YES;
				CLANG_WARN_NON_LITERAL_NULL_CONVERSION = YES;
				CLANG_WARN_OBJC_IMPLICIT_RETAIN_SELF = YES;
				CLANG_WARN_OBJC_LITERAL_CONVERSION = YES;
				CLANG_WARN_OBJC_ROOT_CLASS = YES_ERROR;
				CLANG_WARN_QUOTED_INCLUDE_IN_FRAMEWORK_HEADER = YES;
				CLANG_WARN_RANGE_LOOP_ANALYSIS = YES;
				CLANG_WARN_STRICT_PROTOTYPES = YES;
				CLANG_WARN_SUSPICIOUS_MOVE = YES;
				CLANG_WARN_UNGUARDED_AVAILABILITY = YES_AGGRESSIVE;
				CLANG_WARN_UNREACHABLE_CODE = YES;
				CLANG_WARN__DUPLICATE_METHOD_MATCH = YES;
				COPY_PHASE_STRIP = NO;
				DEBUG_INFORMATION_FORMAT = dwarf;
				ENABLE_STRICT_OBJC_MSGSEND = YES;
				ENABLE_TESTABILITY = YES;
				GCC_C_LANGUAGE_STANDARD = gnu11;
				GCC_DYNAMIC_NO_PIC = NO;
				GCC_NO_COMMON_BLOCKS = YES;
				GCC_OPTIMIZATION_LEVEL = 0;
				GCC_PREPROCESSOR_DEFINITIONS = (
					"DEBUG=1",
					"$(inherited)",
				);
				GCC_WARN_64_TO_32_BIT_CONVERSION = YES;
				GCC_WARN_ABOUT_RETURN_TYPE = YES_ERROR;
				GCC_WARN_UNDECLARED_SELECTOR = YES;
				GCC_WARN_UNINITIALIZED_AUTOS = YES_AGGRESSIVE;
				GCC_WARN_UNUSED_FUNCTION = YES;
				GCC_WARN_UNUSED_VARIABLE = YES;
				IPHONEOS_DEPLOYMENT_TARGET = 14.5;
				MTL_ENABLE_DEBUG_INFO = INCLUDE_SOURCE;
				MTL_FAST_MATH = YES;
				ONLY_ACTIVE_ARCH = YES;
				SDKROOT = iphoneos;
				SWIFT_ACTIVE_COMPILATION_CONDITIONS = DEBUG;
				SWIFT_OPTIMIZATION_LEVEL = "-Onone";
			};
			name = Debug;
		};
		122BD61026CAA9DF00BB0FB1 /* Release */ = {
			isa = XCBuildConfiguration;
			buildSettings = {
				ALWAYS_SEARCH_USER_PATHS = NO;
				CLANG_ANALYZER_NONNULL = YES;
				CLANG_ANALYZER_NUMBER_OBJECT_CONVERSION = YES_AGGRESSIVE;
				CLANG_CXX_LANGUAGE_STANDARD = "gnu++14";
				CLANG_CXX_LIBRARY = "libc++";
				CLANG_ENABLE_MODULES = YES;
				CLANG_ENABLE_OBJC_ARC = YES;
				CLANG_ENABLE_OBJC_WEAK = YES;
				CLANG_WARN_BLOCK_CAPTURE_AUTORELEASING = YES;
				CLANG_WARN_BOOL_CONVERSION = YES;
				CLANG_WARN_COMMA = YES;
				CLANG_WARN_CONSTANT_CONVERSION = YES;
				CLANG_WARN_DEPRECATED_OBJC_IMPLEMENTATIONS = YES;
				CLANG_WARN_DIRECT_OBJC_ISA_USAGE = YES_ERROR;
				CLANG_WARN_DOCUMENTATION_COMMENTS = YES;
				CLANG_WARN_EMPTY_BODY = YES;
				CLANG_WARN_ENUM_CONVERSION = YES;
				CLANG_WARN_INFINITE_RECURSION = YES;
				CLANG_WARN_INT_CONVERSION = YES;
				CLANG_WARN_NON_LITERAL_NULL_CONVERSION = YES;
				CLANG_WARN_OBJC_IMPLICIT_RETAIN_SELF = YES;
				CLANG_WARN_OBJC_LITERAL_CONVERSION = YES;
				CLANG_WARN_OBJC_ROOT_CLASS = YES_ERROR;
				CLANG_WARN_QUOTED_INCLUDE_IN_FRAMEWORK_HEADER = YES;
				CLANG_WARN_RANGE_LOOP_ANALYSIS = YES;
				CLANG_WARN_STRICT_PROTOTYPES = YES;
				CLANG_WARN_SUSPICIOUS_MOVE = YES;
				CLANG_WARN_UNGUARDED_AVAILABILITY = YES_AGGRESSIVE;
				CLANG_WARN_UNREACHABLE_CODE = YES;
				CLANG_WARN__DUPLICATE_METHOD_MATCH = YES;
				COPY_PHASE_STRIP = NO;
				DEBUG_INFORMATION_FORMAT = "dwarf-with-dsym";
				ENABLE_NS_ASSERTIONS = NO;
				ENABLE_STRICT_OBJC_MSGSEND = YES;
				GCC_C_LANGUAGE_STANDARD = gnu11;
				GCC_NO_COMMON_BLOCKS = YES;
				GCC_WARN_64_TO_32_BIT_CONVERSION = YES;
				GCC_WARN_ABOUT_RETURN_TYPE = YES_ERROR;
				GCC_WARN_UNDECLARED_SELECTOR = YES;
				GCC_WARN_UNINITIALIZED_AUTOS = YES_AGGRESSIVE;
				GCC_WARN_UNUSED_FUNCTION = YES;
				GCC_WARN_UNUSED_VARIABLE = YES;
				IPHONEOS_DEPLOYMENT_TARGET = 14.5;
				MTL_ENABLE_DEBUG_INFO = NO;
				MTL_FAST_MATH = YES;
				SDKROOT = iphoneos;
				SWIFT_COMPILATION_MODE = wholemodule;
				SWIFT_OPTIMIZATION_LEVEL = "-O";
				VALIDATE_PRODUCT = YES;
			};
			name = Release;
		};
		122BD61226CAA9DF00BB0FB1 /* Debug */ = {
			isa = XCBuildConfiguration;
			baseConfigurationReference = 679CA7EE6124D95D9CE0E1BB /* Pods-SavingArrayInCoreData.debug.xcconfig */;
			buildSettings = {
				ASSETCATALOG_COMPILER_APPICON_NAME = AppIcon;
				ASSETCATALOG_COMPILER_GLOBAL_ACCENT_COLOR_NAME = AccentColor;
				CODE_SIGN_STYLE = Automatic;
				DEVELOPMENT_TEAM = 739U498273;
				INFOPLIST_FILE = SavingArrayInCoreData/Info.plist;
				LD_RUNPATH_SEARCH_PATHS = (
					"$(inherited)",
					"@executable_path/Frameworks",
				);
				PRODUCT_BUNDLE_IDENTIFIER = com.min.SavingArrayInCoreData;
				PRODUCT_NAME = "$(TARGET_NAME)";
				SWIFT_VERSION = 5.0;
				TARGETED_DEVICE_FAMILY = "1,2";
			};
			name = Debug;
		};
		122BD61326CAA9DF00BB0FB1 /* Release */ = {
			isa = XCBuildConfiguration;
			baseConfigurationReference = A07272968D92D003BFA80C2D /* Pods-SavingArrayInCoreData.release.xcconfig */;
			buildSettings = {
				ASSETCATALOG_COMPILER_APPICON_NAME = AppIcon;
				ASSETCATALOG_COMPILER_GLOBAL_ACCENT_COLOR_NAME = AccentColor;
				CODE_SIGN_STYLE = Automatic;
				DEVELOPMENT_TEAM = 739U498273;
				INFOPLIST_FILE = SavingArrayInCoreData/Info.plist;
				LD_RUNPATH_SEARCH_PATHS = (
					"$(inherited)",
					"@executable_path/Frameworks",
				);
				PRODUCT_BUNDLE_IDENTIFIER = com.min.SavingArrayInCoreData;
				PRODUCT_NAME = "$(TARGET_NAME)";
				SWIFT_VERSION = 5.0;
				TARGETED_DEVICE_FAMILY = "1,2";
			};
			name = Release;
		};
/* End XCBuildConfiguration section */

/* Begin XCConfigurationList section */
		122BD5F526CAA9DD00BB0FB1 /* Build configuration list for PBXProject "SavingArrayInCoreData" */ = {
			isa = XCConfigurationList;
			buildConfigurations = (
				122BD60F26CAA9DF00BB0FB1 /* Debug */,
				122BD61026CAA9DF00BB0FB1 /* Release */,
			);
			defaultConfigurationIsVisible = 0;
			defaultConfigurationName = Release;
		};
		122BD61126CAA9DF00BB0FB1 /* Build configuration list for PBXNativeTarget "SavingArrayInCoreData" */ = {
			isa = XCConfigurationList;
			buildConfigurations = (
				122BD61226CAA9DF00BB0FB1 /* Debug */,
				122BD61326CAA9DF00BB0FB1 /* Release */,
			);
			defaultConfigurationIsVisible = 0;
			defaultConfigurationName = Release;
		};
/* End XCConfigurationList section */

/* Begin XCVersionGroup section */
		122BD60626CAA9DE00BB0FB1 /* SavingArrayInCoreData.xcdatamodeld */ = {
			isa = XCVersionGroup;
			children = (
				122BD60726CAA9DE00BB0FB1 /* SavingArrayInCoreData.xcdatamodel */,
			);
			currentVersion = 122BD60726CAA9DE00BB0FB1 /* SavingArrayInCoreData.xcdatamodel */;
			path = SavingArrayInCoreData.xcdatamodeld;
			sourceTree = "<group>";
			versionGroupType = wrapper.xcdatamodel;
		};
/* End XCVersionGroup section */
	};
	rootObject = 122BD5F226CAA9DD00BB0FB1 /* Project object */;
}
